{
  "nodes": {
    "dank-pinentry": {
      "inputs": {
        "flake-parts": "flake-parts",
        "nixpkgs": [
          "nixpkgs"
        ]
      },
      "locked": {
        "lastModified": 1777271323,
        "narHash": "sha256-TmaRMZEHLatEjV5dIZqgEJMdqcK8CtG5mL++vWVlckg=",
        "owner": "Pacman99",
        "repo": "DankPinentry",
        "rev": "02df8bceb651bdbc5fdc7a07b5f6f19e60c3906a",
        "type": "github"
      },
      "original": {
        "owner": "Pacman99",
        "repo": "DankPinentry",
        "type": "github"
      }
    },
    "darwin": {
      "inputs": {
        "nixpkgs": [
          "nixpkgs"
        ]
      },
      "locked": {
        "lastModified": 1777780666,
        "narHash": "sha256-8wURyQMdDkGUarSTKOGdCuFfYiwa3HbzwscUfn3STDE=",
        "owner": "lnl7",
        "repo": "nix-darwin",
        "rev": "8c62fba0854ba15c8917aed18894dbccb48a3777",
        "type": "github"
      },
      "original": {
        "owner": "lnl7",
        "repo": "nix-darwin",
        "type": "github"
      }
    },
    "flake-parts": {
      "inputs": {
        "nixpkgs-lib": "nixpkgs-lib"
      },
      "locked": {
        "lastModified": 1775087534,
        "narHash": "sha256-91qqW8lhL7TLwgQWijoGBbiD4t7/q75KTi8NxjVmSmA=",
        "owner": "hercules-ci",
        "repo": "flake-parts",
        "rev": "3107b77cd68437b9a76194f0f7f9c55f2329ca5b",
        "type": "github"
      },
      "original": {
        "owner": "hercules-ci",
        "repo": "flake-parts",
        "type": "github"
      }
    },
    "flake-utils": {
      "inputs": {
        "systems": "systems"
      },
      "locked": {
        "lastModified": 1731533236,
        "narHash": "sha256-l0KFg5HjrsfsO/JpG+r7fRrqm12kzFHyUHqHCVpMMbI=",
        "owner": "numtide",
        "repo": "flake-utils",
        "rev": "11707dc2f618dd54ca8739b309ec4fc024de578b",
        "type": "github"
      },
      "original": {
        "owner": "numtide",
        "repo": "flake-utils",
        "type": "github"
      }
    },
    "helium": {
      "inputs": {
        "nixpkgs": [
          "nixpkgs"
        ],
        "utils": [
          "flake-utils"
        ]
      },
      "locked": {
        "lastModified": 1778054244,
        "narHash": "sha256-4yvin6Bm8MxAlAr7QCNSDFQz9WCzBltW+lYdGt1vsv4=",
        "owner": "schembriaiden",
        "repo": "helium-browser-nix-flake",
        "rev": "b2790d366bbafa7cd01984a8c7eabe73fe10fd41",
        "type": "github"
      },
      "original": {
        "owner": "schembriaiden",
        "repo": "helium-browser-nix-flake",
        "type": "github"
      }
    },
    "home-manager": {
      "inputs": {
        "nixpkgs": [
          "nixpkgs"
        ]
      },
      "locked": {
        "lastModified": 1778248595,
        "narHash": "sha256-dhFgEjoeJMYN/7OY6xfxS799YB4IjbbYXTjyGIJyLpc=",
        "owner": "nix-community",
        "repo": "home-manager",
        "rev": "fdb2ccba9d5e1238d32e0c4a3ec1a277efa80c1d",
        "type": "github"
      },
      "original": {
        "owner": "nix-community",
        "repo": "home-manager",
        "type": "github"
      }
    },
    "nix-gl": {
      "inputs": {
        "flake-utils": [
          "flake-utils"
        ],
        "nixpkgs": [
          "nixpkgs"
        ]
      },
      "locked": {
        "lastModified": 1777638961,
        "narHash": "sha256-1rrN+HO+of72qZ8Ves5yUj3lniv181AU9aGiCf/vojU=",
        "owner": "KeeTraxx",
        "repo": "nixgl",
        "rev": "9fadd736152580916c1e67dbbc8a0c65bebc2071",
        "type": "github"
      },
      "original": {
        "owner": "KeeTraxx",
        "ref": "fix-nvidia-kernel-param",
        "repo": "nixgl",
        "type": "github"
      }
    },
    "nix-index-database": {
      "inputs": {
        "nixpkgs": [
          "nixpkgs"
        ]
      },
      "locked": {
        "lastModified": 1778240325,
        "narHash": "sha256-d2HIS7LpfI0lgxiXCXLjxrHl3eIdNvAVexOu0xiM488=",
        "owner": "nix-community",
        "repo": "nix-index-database",
        "rev": "dd2d0e3f6ba00af01b9498f5697173bdc2524bee",
        "type": "github"
      },
      "original": {
        "owner": "nix-community",
        "repo": "nix-index-database",
        "type": "github"
      }
    },
    "nixpkgs": {
      "locked": {
        "lastModified": 1778124196,
        "narHash": "sha256-pYEytCNic/czazbV9r3tbQ6BZzqRBg/41x2dIC5ymOo=",
        "owner": "nixos",
        "repo": "nixpkgs",
        "rev": "68a8af93ff4297686cb68880845e61e5e2e41d92",
        "type": "github"
      },
      "original": {
        "owner": "nixos",
        "ref": "nixpkgs-unstable",
        "repo": "nixpkgs",
        "type": "github"
      }
    },
    "nixpkgs-lib": {
      "locked": {
        "lastModified": 1774748309,
        "narHash": "sha256-+U7gF3qxzwD5TZuANzZPeJTZRHS29OFQgkQ2kiTJBIQ=",
        "owner": "nix-community",
        "repo": "nixpkgs.lib",
        "rev": "333c4e0545a6da976206c74db8773a1645b5870a",
        "type": "github"
      },
      "original": {
        "owner": "nix-community",
        "repo": "nixpkgs.lib",
        "type": "github"
      }
    },
    "root": {
      "inputs": {
        "dank-pinentry": "dank-pinentry",
        "darwin": "darwin",
        "flake-utils": "flake-utils",
        "helium": "helium",
        "home-manager": "home-manager",
        "nix-gl": "nix-gl",
        "nix-index-database": "nix-index-database",
        "nixpkgs": "nixpkgs",
        "stable": "stable"
      }
    },
    "stable": {
      "locked": {
        "lastModified": 1778252798,
        "narHash": "sha256-7FVLZ01olBC2vreCswCHb1oeGnKUr8YlcragqqIgt2s=",
        "owner": "nixos",
        "repo": "nixpkgs",
        "rev": "405af17b1787b5718e7d99caf1c4cd948a80eed9",
        "type": "github"
      },
      "original": {
        "owner": "nixos",
        "ref": "release-25.11",
        "repo": "nixpkgs",
        "type": "github"
      }
    },
    "systems": {
      "locked": {
        "lastModified": 1681028828,
        "narHash": "sha256-Vy1rq5AaRuLzOxct8nz4T6wlgyUR7zLU309k9mBC768=",
        "owner": "nix-systems",
        "repo": "default",
        "rev": "da67096a3b9bf56a91d16901293e51ba5b49a27e",
        "type": "github"
      },
      "original": {
        "owner": "nix-systems",
        "repo": "default",
        "type": "github"
      }
    }
  },
  "root": "root",
  "version": 7
}
